
Microsoft Visual Studio Solution File, Format Version 12.00
# Visual Studio 15
VisualStudioVersion = 15.0.28307.329
MinimumVisualStudioVersion = 10.0.40219.1
Project("{9A19103F-16F7-4668-BE54-9A1E7A4F7556}") = "February2019Cards", "PreWork\February2019Cards.csproj", "{4643ADB7-2EB4-4A26-9FD1-B69DB3703894}"
EndProject
Global
	GlobalSection(SolutionConfigurationPlatforms) = preSolution
		Debug|Any CPU = Debug|Any CPU
		Release|Any CPU = Release|Any CPU
	EndGlobalSection
	GlobalSection(ProjectConfigurationPlatforms) = postSolution
		{4643ADB7-2EB4-4A26-9FD1-B69DB3703894}.Debug|Any CPU.ActiveCfg = Debug|Any CPU
		{4643ADB7-2EB4-4A26-9FD1-B69DB3703894}.Debug|Any CPU.Build.0 = Debug|Any CPU
		{4643ADB7-2EB4-4A26-9FD1-B69DB3703894}.Release|Any CPU.ActiveCfg = Release|Any CPU
		{4643ADB7-2EB4-4A26-9FD1-B69DB3703894}.Release|Any CPU.Build.0 = Release|Any CPU
	EndGlobalSection
	GlobalSection(SolutionProperties) = preSolution
		HideSolutionNode = FALSE
	EndGlobalSection
	GlobalSection(ExtensibilityGlobals) = postSolution
		SolutionGuid = {45EE1DCE-A267-48E8-A80E-DAB414C09A89}
	EndGlobalSection
EndGlobal
